// !$*UTF8*$!
{
	archiveVersion = 1;
	classes = {
	};
	objectVersion = 46;
	objects = {

/* Begin PBXBuildFile section */
		BE112B8E17239CA6002739BB /* Report+Helpers.m in Sources */ = {isa = PBXBuildFile; fileRef = BE112B8D17239CA6002739BB /* Report+Helpers.m */; };
		BE112B91172421D2002739BB /* ProductionToolbarItem.m in Sources */ = {isa = PBXBuildFile; fileRef = BE112B90172421D1002739BB /* ProductionToolbarItem.m */; };
		BE112B9D172430DF002739BB /* Research+Helpers.m in Sources */ = {isa = PBXBuildFile; fileRef = BE112B9C172430DF002739BB /* Research+Helpers.m */; };
		BE18FDF8172573CD002AEFE2 /* settings.jpg in Resources */ = {isa = PBXBuildFile; fileRef = BE18FDF7172573CD002AEFE2 /* settings.jpg */; };
		BE18FDFA17257480002AEFE2 /* share.png in Resources */ = {isa = PBXBuildFile; fileRef = BE18FDF917257480002AEFE2 /* share.png */; };
		BE18FDFD1725874B002AEFE2 /* PreferencesWindowController.m in Sources */ = {isa = PBXBuildFile; fileRef = BE18FDFC1725874B002AEFE2 /* PreferencesWindowController.m */; };
		BE18FDFF17258760002AEFE2 /* PreferencesWindowController.xib in Resources */ = {isa = PBXBuildFile; fileRef = BE18FDFE17258760002AEFE2 /* PreferencesWindowController.xib */; };
		BE18FE0217259314002AEFE2 /* Research.m in Sources */ = {isa = PBXBuildFile; fileRef = BE18FE0117259314002AEFE2 /* Research.m */; };
		BE18FE0517259314002AEFE2 /* Game.m in Sources */ = {isa = PBXBuildFile; fileRef = BE18FE0417259314002AEFE2 /* Game.m */; };
		BE18FE0817259314002AEFE2 /* Fleet.m in Sources */ = {isa = PBXBuildFile; fileRef = BE18FE0717259314002AEFE2 /* Fleet.m */; };
		BE18FE0B17259314002AEFE2 /* Player.m in Sources */ = {isa = PBXBuildFile; fileRef = BE18FE0A17259314002AEFE2 /* Player.m */; };
		BE18FE0E17259314002AEFE2 /* Report.m in Sources */ = {isa = PBXBuildFile; fileRef = BE18FE0D17259314002AEFE2 /* Report.m */; };
		BE18FE1117259314002AEFE2 /* Star.m in Sources */ = {isa = PBXBuildFile; fileRef = BE18FE1017259314002AEFE2 /* Star.m */; };
		BE18FE14172595C3002AEFE2 /* Game+Helpers.m in Sources */ = {isa = PBXBuildFile; fileRef = BE18FE13172595C3002AEFE2 /* Game+Helpers.m */; };
		BE353942171F9FA8004DA84F /* Cocoa.framework in Frameworks */ = {isa = PBXBuildFile; fileRef = BE353941171F9FA8004DA84F /* Cocoa.framework */; };
		BE35394C171F9FA8004DA84F /* InfoPlist.strings in Resources */ = {isa = PBXBuildFile; fileRef = BE35394A171F9FA8004DA84F /* InfoPlist.strings */; };
		BE35394E171F9FA8004DA84F /* main.m in Sources */ = {isa = PBXBuildFile; fileRef = BE35394D171F9FA8004DA84F /* main.m */; };
		BE353952171F9FA8004DA84F /* Credits.rtf in Resources */ = {isa = PBXBuildFile; fileRef = BE353950171F9FA8004DA84F /* Credits.rtf */; };
		BE353955171F9FA8004DA84F /* AppDelegate.m in Sources */ = {isa = PBXBuildFile; fileRef = BE353954171F9FA8004DA84F /* AppDelegate.m */; };
		BE353958171F9FA8004DA84F /* MainMenu.xib in Resources */ = {isa = PBXBuildFile; fileRef = BE353956171F9FA8004DA84F /* MainMenu.xib */; };
		BE35395B171F9FA8004DA84F /* NeptunesPride.xcdatamodeld in Sources */ = {isa = PBXBuildFile; fileRef = BE353959171F9FA8004DA84F /* NeptunesPride.xcdatamodeld */; };
		BE353963171F9FA8004DA84F /* SenTestingKit.framework in Frameworks */ = {isa = PBXBuildFile; fileRef = BE353962171F9FA8004DA84F /* SenTestingKit.framework */; };
		BE353964171F9FA8004DA84F /* Cocoa.framework in Frameworks */ = {isa = PBXBuildFile; fileRef = BE353941171F9FA8004DA84F /* Cocoa.framework */; };
		BE35396C171F9FA8004DA84F /* InfoPlist.strings in Resources */ = {isa = PBXBuildFile; fileRef = BE35396A171F9FA8004DA84F /* InfoPlist.strings */; };
		BE35396F171F9FA8004DA84F /* NeptunesPrideTests.m in Sources */ = {isa = PBXBuildFile; fileRef = BE35396E171F9FA8004DA84F /* NeptunesPrideTests.m */; };
		BE35397B171FA010004DA84F /* MainWindowController.m in Sources */ = {isa = PBXBuildFile; fileRef = BE353979171FA010004DA84F /* MainWindowController.m */; };
		BE35398217203635004DA84F /* MapView.m in Sources */ = {isa = PBXBuildFile; fileRef = BE35398117203635004DA84F /* MapView.m */; };
		BE35398517208A89004DA84F /* info.png in Resources */ = {isa = PBXBuildFile; fileRef = BE35398417208A89004DA84F /* info.png */; };
		BE35398C17209B69004DA84F /* MyInfoWindowController.m in Sources */ = {isa = PBXBuildFile; fileRef = BE35398A17209B69004DA84F /* MyInfoWindowController.m */; };
		BE35398D17209B69004DA84F /* MyInfoWindowController.xib in Resources */ = {isa = PBXBuildFile; fileRef = BE35398B17209B69004DA84F /* MyInfoWindowController.xib */; };
		BE7C8B8D1722E0A0002DC4CA /* NSManagedObject+Helpers.m in Sources */ = {isa = PBXBuildFile; fileRef = BE7C8B8C1722E0A0002DC4CA /* NSManagedObject+Helpers.m */; };
		BEE541E31721BACF00F8CC85 /* Player+Helpers.m in Sources */ = {isa = PBXBuildFile; fileRef = BEE541E21721BACF00F8CC85 /* Player+Helpers.m */; };
		BEE541E61721C39700F8CC85 /* Star+Helpers.m in Sources */ = {isa = PBXBuildFile; fileRef = BEE541E51721C39600F8CC85 /* Star+Helpers.m */; };
/* End PBXBuildFile section */

/* Begin PBXContainerItemProxy section */
		BE353965171F9FA8004DA84F /* PBXContainerItemProxy */ = {
			isa = PBXContainerItemProxy;
			containerPortal = BE353936171F9FA7004DA84F /* Project object */;
			proxyType = 1;
			remoteGlobalIDString = BE35393D171F9FA8004DA84F;
			remoteInfo = NeptunesPride;
		};
/* End PBXContainerItemProxy section */

/* Begin PBXFileReference section */
		BE112B8C17239CA6002739BB /* Report+Helpers.h */ = {isa = PBXFileReference; fileEncoding = 4; lastKnownFileType = sourcecode.c.h; path = "Report+Helpers.h"; sourceTree = "<group>"; };
		BE112B8D17239CA6002739BB /* Report+Helpers.m */ = {isa = PBXFileReference; fileEncoding = 4; lastKnownFileType = sourcecode.c.objc; path = "Report+Helpers.m"; sourceTree = "<group>"; };
		BE112B8F172421D1002739BB /* ProductionToolbarItem.h */ = {isa = PBXFileReference; fileEncoding = 4; lastKnownFileType = sourcecode.c.h; path = ProductionToolbarItem.h; sourceTree = "<group>"; };
		BE112B90172421D1002739BB /* ProductionToolbarItem.m */ = {isa = PBXFileReference; fileEncoding = 4; lastKnownFileType = sourcecode.c.objc; path = ProductionToolbarItem.m; sourceTree = "<group>"; };
		BE112B9B172430DF002739BB /* Research+Helpers.h */ = {isa = PBXFileReference; fileEncoding = 4; lastKnownFileType = sourcecode.c.h; path = "Research+Helpers.h"; sourceTree = "<group>"; };
		BE112B9C172430DF002739BB /* Research+Helpers.m */ = {isa = PBXFileReference; fileEncoding = 4; lastKnownFileType = sourcecode.c.objc; path = "Research+Helpers.m"; sourceTree = "<group>"; };
		BE18FDF7172573CD002AEFE2 /* settings.jpg */ = {isa = PBXFileReference; lastKnownFileType = image.jpeg; path = settings.jpg; sourceTree = "<group>"; };
		BE18FDF917257480002AEFE2 /* share.png */ = {isa = PBXFileReference; lastKnownFileType = image.png; path = share.png; sourceTree = "<group>"; };
		BE18FDFB1725874B002AEFE2 /* PreferencesWindowController.h */ = {isa = PBXFileReference; fileEncoding = 4; lastKnownFileType = sourcecode.c.h; path = PreferencesWindowController.h; sourceTree = "<group>"; };
		BE18FDFC1725874B002AEFE2 /* PreferencesWindowController.m */ = {isa = PBXFileReference; fileEncoding = 4; lastKnownFileType = sourcecode.c.objc; path = PreferencesWindowController.m; sourceTree = "<group>"; };
		BE18FDFE17258760002AEFE2 /* PreferencesWindowController.xib */ = {isa = PBXFileReference; fileEncoding = 4; lastKnownFileType = file.xib; path = PreferencesWindowController.xib; sourceTree = "<group>"; };
		BE18FE0017259314002AEFE2 /* Research.h */ = {isa = PBXFileReference; fileEncoding = 4; lastKnownFileType = sourcecode.c.h; path = Research.h; sourceTree = "<group>"; };
		BE18FE0117259314002AEFE2 /* Research.m */ = {isa = PBXFileReference; fileEncoding = 4; lastKnownFileType = sourcecode.c.objc; path = Research.m; sourceTree = "<group>"; };
		BE18FE0317259314002AEFE2 /* Game.h */ = {isa = PBXFileReference; fileEncoding = 4; lastKnownFileType = sourcecode.c.h; path = Game.h; sourceTree = "<group>"; };
		BE18FE0417259314002AEFE2 /* Game.m */ = {isa = PBXFileReference; fileEncoding = 4; lastKnownFileType = sourcecode.c.objc; path = Game.m; sourceTree = "<group>"; };
		BE18FE0617259314002AEFE2 /* Fleet.h */ = {isa = PBXFileReference; fileEncoding = 4; lastKnownFileType = sourcecode.c.h; path = Fleet.h; sourceTree = "<group>"; };
		BE18FE0717259314002AEFE2 /* Fleet.m */ = {isa = PBXFileReference; fileEncoding = 4; lastKnownFileType = sourcecode.c.objc; path = Fleet.m; sourceTree = "<group>"; };
		BE18FE0917259314002AEFE2 /* Player.h */ = {isa = PBXFileReference; fileEncoding = 4; lastKnownFileType = sourcecode.c.h; path = Player.h; sourceTree = "<group>"; };
		BE18FE0A17259314002AEFE2 /* Player.m */ = {isa = PBXFileReference; fileEncoding = 4; lastKnownFileType = sourcecode.c.objc; path = Player.m; sourceTree = "<group>"; };
		BE18FE0C17259314002AEFE2 /* Report.h */ = {isa = PBXFileReference; fileEncoding = 4; lastKnownFileType = sourcecode.c.h; path = Report.h; sourceTree = "<group>"; };
		BE18FE0D17259314002AEFE2 /* Report.m */ = {isa = PBXFileReference; fileEncoding = 4; lastKnownFileType = sourcecode.c.objc; path = Report.m; sourceTree = "<group>"; };
		BE18FE0F17259314002AEFE2 /* Star.h */ = {isa = PBXFileReference; fileEncoding = 4; lastKnownFileType = sourcecode.c.h; path = Star.h; sourceTree = "<group>"; };
		BE18FE1017259314002AEFE2 /* Star.m */ = {isa = PBXFileReference; fileEncoding = 4; lastKnownFileType = sourcecode.c.objc; path = Star.m; sourceTree = "<group>"; };
		BE18FE12172595C3002AEFE2 /* Game+Helpers.h */ = {isa = PBXFileReference; fileEncoding = 4; lastKnownFileType = sourcecode.c.h; path = "Game+Helpers.h"; sourceTree = "<group>"; };
		BE18FE13172595C3002AEFE2 /* Game+Helpers.m */ = {isa = PBXFileReference; fileEncoding = 4; lastKnownFileType = sourcecode.c.objc; path = "Game+Helpers.m"; sourceTree = "<group>"; };
		BE35393E171F9FA8004DA84F /* NeptunesPride.app */ = {isa = PBXFileReference; explicitFileType = wrapper.application; includeInIndex = 0; path = NeptunesPride.app; sourceTree = BUILT_PRODUCTS_DIR; };
		BE353941171F9FA8004DA84F /* Cocoa.framework */ = {isa = PBXFileReference; lastKnownFileType = wrapper.framework; name = Cocoa.framework; path = System/Library/Frameworks/Cocoa.framework; sourceTree = SDKROOT; };
		BE353944171F9FA8004DA84F /* AppKit.framework */ = {isa = PBXFileReference; lastKnownFileType = wrapper.framework; name = AppKit.framework; path = System/Library/Frameworks/AppKit.framework; sourceTree = SDKROOT; };
		BE353945171F9FA8004DA84F /* CoreData.framework */ = {isa = PBXFileReference; lastKnownFileType = wrapper.framework; name = CoreData.framework; path = System/Library/Frameworks/CoreData.framework; sourceTree = SDKROOT; };
		BE353946171F9FA8004DA84F /* Foundation.framework */ = {isa = PBXFileReference; lastKnownFileType = wrapper.framework; name = Foundation.framework; path = System/Library/Frameworks/Foundation.framework; sourceTree = SDKROOT; };
		BE353949171F9FA8004DA84F /* NeptunesPride-Info.plist */ = {isa = PBXFileReference; lastKnownFileType = text.plist.xml; path = "NeptunesPride-Info.plist"; sourceTree = "<group>"; };
		BE35394B171F9FA8004DA84F /* en */ = {isa = PBXFileReference; lastKnownFileType = text.plist.strings; name = en; path = en.lproj/InfoPlist.strings; sourceTree = "<group>"; };
		BE35394D171F9FA8004DA84F /* main.m */ = {isa = PBXFileReference; lastKnownFileType = sourcecode.c.objc; path = main.m; sourceTree = "<group>"; };
		BE35394F171F9FA8004DA84F /* NeptunesPride-Prefix.pch */ = {isa = PBXFileReference; lastKnownFileType = sourcecode.c.h; path = "NeptunesPride-Prefix.pch"; sourceTree = "<group>"; };
		BE353951171F9FA8004DA84F /* en */ = {isa = PBXFileReference; lastKnownFileType = text.rtf; name = en; path = en.lproj/Credits.rtf; sourceTree = "<group>"; };
		BE353953171F9FA8004DA84F /* AppDelegate.h */ = {isa = PBXFileReference; lastKnownFileType = sourcecode.c.h; path = AppDelegate.h; sourceTree = "<group>"; };
		BE353954171F9FA8004DA84F /* AppDelegate.m */ = {isa = PBXFileReference; lastKnownFileType = sourcecode.c.objc; path = AppDelegate.m; sourceTree = "<group>"; };
		BE353957171F9FA8004DA84F /* en */ = {isa = PBXFileReference; lastKnownFileType = file.xib; name = en; path = en.lproj/MainMenu.xib; sourceTree = "<group>"; };
		BE35395A171F9FA8004DA84F /* NeptunesPride.xcdatamodel */ = {isa = PBXFileReference; lastKnownFileType = wrapper.xcdatamodel; path = NeptunesPride.xcdatamodel; sourceTree = "<group>"; };
		BE353961171F9FA8004DA84F /* NeptunesPrideTests.octest */ = {isa = PBXFileReference; explicitFileType = wrapper.cfbundle; includeInIndex = 0; path = NeptunesPrideTests.octest; sourceTree = BUILT_PRODUCTS_DIR; };
		BE353962171F9FA8004DA84F /* SenTestingKit.framework */ = {isa = PBXFileReference; lastKnownFileType = wrapper.framework; name = SenTestingKit.framework; path = Library/Frameworks/SenTestingKit.framework; sourceTree = DEVELOPER_DIR; };
		BE353969171F9FA8004DA84F /* NeptunesPrideTests-Info.plist */ = {isa = PBXFileReference; lastKnownFileType = text.plist.xml; path = "NeptunesPrideTests-Info.plist"; sourceTree = "<group>"; };
		BE35396B171F9FA8004DA84F /* en */ = {isa = PBXFileReference; lastKnownFileType = text.plist.strings; name = en; path = en.lproj/InfoPlist.strings; sourceTree = "<group>"; };
		BE35396D171F9FA8004DA84F /* NeptunesPrideTests.h */ = {isa = PBXFileReference; lastKnownFileType = sourcecode.c.h; path = NeptunesPrideTests.h; sourceTree = "<group>"; };
		BE35396E171F9FA8004DA84F /* NeptunesPrideTests.m */ = {isa = PBXFileReference; lastKnownFileType = sourcecode.c.objc; path = NeptunesPrideTests.m; sourceTree = "<group>"; };
		BE353978171FA010004DA84F /* MainWindowController.h */ = {isa = PBXFileReference; fileEncoding = 4; lastKnownFileType = sourcecode.c.h; path = MainWindowController.h; sourceTree = "<group>"; };
		BE353979171FA010004DA84F /* MainWindowController.m */ = {isa = PBXFileReference; fileEncoding = 4; lastKnownFileType = sourcecode.c.objc; path = MainWindowController.m; sourceTree = "<group>"; };
		BE35398017203635004DA84F /* MapView.h */ = {isa = PBXFileReference; fileEncoding = 4; lastKnownFileType = sourcecode.c.h; path = MapView.h; sourceTree = "<group>"; };
		BE35398117203635004DA84F /* MapView.m */ = {isa = PBXFileReference; fileEncoding = 4; lastKnownFileType = sourcecode.c.objc; path = MapView.m; sourceTree = "<group>"; };
		BE35398417208A89004DA84F /* info.png */ = {isa = PBXFileReference; lastKnownFileType = image.png; path = info.png; sourceTree = "<group>"; };
		BE35398917209B69004DA84F /* MyInfoWindowController.h */ = {isa = PBXFileReference; fileEncoding = 4; lastKnownFileType = sourcecode.c.h; path = MyInfoWindowController.h; sourceTree = "<group>"; };
		BE35398A17209B69004DA84F /* MyInfoWindowController.m */ = {isa = PBXFileReference; fileEncoding = 4; lastKnownFileType = sourcecode.c.objc; path = MyInfoWindowController.m; sourceTree = "<group>"; };
		BE35398B17209B69004DA84F /* MyInfoWindowController.xib */ = {isa = PBXFileReference; fileEncoding = 4; lastKnownFileType = file.xib; path = MyInfoWindowController.xib; sourceTree = "<group>"; };
		BE7C8B8B1722E0A0002DC4CA /* NSManagedObject+Helpers.h */ = {isa = PBXFileReference; fileEncoding = 4; lastKnownFileType = sourcecode.c.h; path = "NSManagedObject+Helpers.h"; sourceTree = "<group>"; };
		BE7C8B8C1722E0A0002DC4CA /* NSManagedObject+Helpers.m */ = {isa = PBXFileReference; fileEncoding = 4; lastKnownFileType = sourcecode.c.objc; path = "NSManagedObject+Helpers.m"; sourceTree = "<group>"; };
		BEE541E11721BACF00F8CC85 /* Player+Helpers.h */ = {isa = PBXFileReference; fileEncoding = 4; lastKnownFileType = sourcecode.c.h; path = "Player+Helpers.h"; sourceTree = "<group>"; };
		BEE541E21721BACF00F8CC85 /* Player+Helpers.m */ = {isa = PBXFileReference; fileEncoding = 4; lastKnownFileType = sourcecode.c.objc; path = "Player+Helpers.m"; sourceTree = "<group>"; };
		BEE541E41721C39600F8CC85 /* Star+Helpers.h */ = {isa = PBXFileReference; fileEncoding = 4; lastKnownFileType = sourcecode.c.h; path = "Star+Helpers.h"; sourceTree = "<group>"; };
		BEE541E51721C39600F8CC85 /* Star+Helpers.m */ = {isa = PBXFileReference; fileEncoding = 4; lastKnownFileType = sourcecode.c.objc; path = "Star+Helpers.m"; sourceTree = "<group>"; };
		BEF369F4172489EA0046DE5C /* NeptunesPride2.xcdatamodel */ = {isa = PBXFileReference; lastKnownFileType = wrapper.xcdatamodel; path = NeptunesPride2.xcdatamodel; sourceTree = "<group>"; };
/* End PBXFileReference section */

/* Begin PBXFrameworksBuildPhase section */
		BE35393B171F9FA8004DA84F /* Frameworks */ = {
			isa = PBXFrameworksBuildPhase;
			buildActionMask = 2147483647;
			files = (
				BE353942171F9FA8004DA84F /* Cocoa.framework in Frameworks */,
			);
			runOnlyForDeploymentPostprocessing = 0;
		};
		BE35395D171F9FA8004DA84F /* Frameworks */ = {
			isa = PBXFrameworksBuildPhase;
			buildActionMask = 2147483647;
			files = (
				BE353963171F9FA8004DA84F /* SenTestingKit.framework in Frameworks */,
				BE353964171F9FA8004DA84F /* Cocoa.framework in Frameworks */,
			);
			runOnlyForDeploymentPostprocessing = 0;
		};
/* End PBXFrameworksBuildPhase section */

/* Begin PBXGroup section */
		BE353935171F9FA7004DA84F = {
			isa = PBXGroup;
			children = (
				BE353947171F9FA8004DA84F /* NeptunesPride */,
				BE35398317208A62004DA84F /* Resources */,
				BE353967171F9FA8004DA84F /* NeptunesPrideTests */,
				BE353940171F9FA8004DA84F /* Frameworks */,
				BE35393F171F9FA8004DA84F /* Products */,
			);
			sourceTree = "<group>";
		};
		BE35393F171F9FA8004DA84F /* Products */ = {
			isa = PBXGroup;
			children = (
				BE35393E171F9FA8004DA84F /* NeptunesPride.app */,
				BE353961171F9FA8004DA84F /* NeptunesPrideTests.octest */,
			);
			name = Products;
			sourceTree = "<group>";
		};
		BE353940171F9FA8004DA84F /* Frameworks */ = {
			isa = PBXGroup;
			children = (
				BE353941171F9FA8004DA84F /* Cocoa.framework */,
				BE353962171F9FA8004DA84F /* SenTestingKit.framework */,
				BE353943171F9FA8004DA84F /* Other Frameworks */,
			);
			name = Frameworks;
			sourceTree = "<group>";
		};
		BE353943171F9FA8004DA84F /* Other Frameworks */ = {
			isa = PBXGroup;
			children = (
				BE353944171F9FA8004DA84F /* AppKit.framework */,
				BE353945171F9FA8004DA84F /* CoreData.framework */,
				BE353946171F9FA8004DA84F /* Foundation.framework */,
			);
			name = "Other Frameworks";
			sourceTree = "<group>";
		};
		BE353947171F9FA8004DA84F /* NeptunesPride */ = {
			isa = PBXGroup;
			children = (
				BEE541CE1721AA4E00F8CC85 /* models */,
				BE353953171F9FA8004DA84F /* AppDelegate.h */,
				BE353954171F9FA8004DA84F /* AppDelegate.m */,
				BE353956171F9FA8004DA84F /* MainMenu.xib */,
				BE112B8F172421D1002739BB /* ProductionToolbarItem.h */,
				BE112B90172421D1002739BB /* ProductionToolbarItem.m */,
				BE353948171F9FA8004DA84F /* Supporting Files */,
				BE353978171FA010004DA84F /* MainWindowController.h */,
				BE353979171FA010004DA84F /* MainWindowController.m */,
				BE35398917209B69004DA84F /* MyInfoWindowController.h */,
				BE35398A17209B69004DA84F /* MyInfoWindowController.m */,
				BE35398B17209B69004DA84F /* MyInfoWindowController.xib */,
				BE35398017203635004DA84F /* MapView.h */,
				BE35398117203635004DA84F /* MapView.m */,
				BE18FDFB1725874B002AEFE2 /* PreferencesWindowController.h */,
				BE18FDFC1725874B002AEFE2 /* PreferencesWindowController.m */,
				BE18FDFE17258760002AEFE2 /* PreferencesWindowController.xib */,
			);
			path = NeptunesPride;
			sourceTree = "<group>";
		};
		BE353948171F9FA8004DA84F /* Supporting Files */ = {
			isa = PBXGroup;
			children = (
				BE353949171F9FA8004DA84F /* NeptunesPride-Info.plist */,
				BE35394A171F9FA8004DA84F /* InfoPlist.strings */,
				BE35394D171F9FA8004DA84F /* main.m */,
				BE35394F171F9FA8004DA84F /* NeptunesPride-Prefix.pch */,
				BE353950171F9FA8004DA84F /* Credits.rtf */,
			);
			name = "Supporting Files";
			sourceTree = "<group>";
		};
		BE353967171F9FA8004DA84F /* NeptunesPrideTests */ = {
			isa = PBXGroup;
			children = (
				BE35396D171F9FA8004DA84F /* NeptunesPrideTests.h */,
				BE35396E171F9FA8004DA84F /* NeptunesPrideTests.m */,
				BE353968171F9FA8004DA84F /* Supporting Files */,
			);
			path = NeptunesPrideTests;
			sourceTree = "<group>";
		};
		BE353968171F9FA8004DA84F /* Supporting Files */ = {
			isa = PBXGroup;
			children = (
				BE353969171F9FA8004DA84F /* NeptunesPrideTests-Info.plist */,
				BE35396A171F9FA8004DA84F /* InfoPlist.strings */,
			);
			name = "Supporting Files";
			sourceTree = "<group>";
		};
		BE35398317208A62004DA84F /* Resources */ = {
			isa = PBXGroup;
			children = (
				BE18FDF7172573CD002AEFE2 /* settings.jpg */,
				BE35398417208A89004DA84F /* info.png */,
				BE18FDF917257480002AEFE2 /* share.png */,
			);
			name = Resources;
			path = NeptunesPride;
			sourceTree = "<group>";
		};
		BEE541CE1721AA4E00F8CC85 /* models */ = {
			isa = PBXGroup;
			children = (
				BEE541E11721BACF00F8CC85 /* Player+Helpers.h */,
				BEE541E21721BACF00F8CC85 /* Player+Helpers.m */,
				BE112B8C17239CA6002739BB /* Report+Helpers.h */,
				BE112B8D17239CA6002739BB /* Report+Helpers.m */,
				BE112B9B172430DF002739BB /* Research+Helpers.h */,
				BE112B9C172430DF002739BB /* Research+Helpers.m */,
				BE18FE12172595C3002AEFE2 /* Game+Helpers.h */,
				BE18FE13172595C3002AEFE2 /* Game+Helpers.m */,
				BE353959171F9FA8004DA84F /* NeptunesPride.xcdatamodeld */,
				BE18FE0017259314002AEFE2 /* Research.h */,
				BE18FE0117259314002AEFE2 /* Research.m */,
				BE18FE0917259314002AEFE2 /* Player.h */,
				BE18FE0A17259314002AEFE2 /* Player.m */,
				BE18FE0C17259314002AEFE2 /* Report.h */,
				BE18FE0D17259314002AEFE2 /* Report.m */,
				BE18FE0F17259314002AEFE2 /* Star.h */,
				BE18FE1017259314002AEFE2 /* Star.m */,
				BE18FE0617259314002AEFE2 /* Fleet.h */,
				BE18FE0717259314002AEFE2 /* Fleet.m */,
				BE18FE0317259314002AEFE2 /* Game.h */,
				BE18FE0417259314002AEFE2 /* Game.m */,
				BEE541E41721C39600F8CC85 /* Star+Helpers.h */,
				BEE541E51721C39600F8CC85 /* Star+Helpers.m */,
				BE7C8B8B1722E0A0002DC4CA /* NSManagedObject+Helpers.h */,
				BE7C8B8C1722E0A0002DC4CA /* NSManagedObject+Helpers.m */,
			);
			name = models;
			sourceTree = "<group>";
		};
/* End PBXGroup section */

/* Begin PBXNativeTarget section */
		BE35393D171F9FA8004DA84F /* NeptunesPride */ = {
			isa = PBXNativeTarget;
			buildConfigurationList = BE353972171F9FA8004DA84F /* Build configuration list for PBXNativeTarget "NeptunesPride" */;
			buildPhases = (
				BE35393A171F9FA8004DA84F /* Sources */,
				BE35393B171F9FA8004DA84F /* Frameworks */,
				BE35393C171F9FA8004DA84F /* Resources */,
			);
			buildRules = (
			);
			dependencies = (
			);
			name = NeptunesPride;
			productName = NeptunesPride;
			productReference = BE35393E171F9FA8004DA84F /* NeptunesPride.app */;
			productType = "com.apple.product-type.application";
		};
		BE353960171F9FA8004DA84F /* NeptunesPrideTests */ = {
			isa = PBXNativeTarget;
			buildConfigurationList = BE353975171F9FA8004DA84F /* Build configuration list for PBXNativeTarget "NeptunesPrideTests" */;
			buildPhases = (
				BE35395C171F9FA8004DA84F /* Sources */,
				BE35395D171F9FA8004DA84F /* Frameworks */,
				BE35395E171F9FA8004DA84F /* Resources */,
				BE35395F171F9FA8004DA84F /* ShellScript */,
			);
			buildRules = (
			);
			dependencies = (
				BE353966171F9FA8004DA84F /* PBXTargetDependency */,
			);
			name = NeptunesPrideTests;
			productName = NeptunesPrideTests;
			productReference = BE353961171F9FA8004DA84F /* NeptunesPrideTests.octest */;
			productType = "com.apple.product-type.bundle";
		};
/* End PBXNativeTarget section */

/* Begin PBXProject section */
		BE353936171F9FA7004DA84F /* Project object */ = {
			isa = PBXProject;
			attributes = {
				LastUpgradeCheck = 0460;
				ORGANIZATIONNAME = "Bion Oren";
			};
			buildConfigurationList = BE353939171F9FA7004DA84F /* Build configuration list for PBXProject "NeptunesPride" */;
			compatibilityVersion = "Xcode 3.2";
			developmentRegion = English;
			hasScannedForEncodings = 0;
			knownRegions = (
				en,
			);
			mainGroup = BE353935171F9FA7004DA84F;
			productRefGroup = BE35393F171F9FA8004DA84F /* Products */;
			projectDirPath = "";
			projectRoot = "";
			targets = (
				BE35393D171F9FA8004DA84F /* NeptunesPride */,
				BE353960171F9FA8004DA84F /* NeptunesPrideTests */,
			);
		};
/* End PBXProject section */

/* Begin PBXResourcesBuildPhase section */
		BE35393C171F9FA8004DA84F /* Resources */ = {
			isa = PBXResourcesBuildPhase;
			buildActionMask = 2147483647;
			files = (
				BE35394C171F9FA8004DA84F /* InfoPlist.strings in Resources */,
				BE353952171F9FA8004DA84F /* Credits.rtf in Resources */,
				BE353958171F9FA8004DA84F /* MainMenu.xib in Resources */,
				BE35398517208A89004DA84F /* info.png in Resources */,
				BE35398D17209B69004DA84F /* MyInfoWindowController.xib in Resources */,
				BE18FDF8172573CD002AEFE2 /* settings.jpg in Resources */,
				BE18FDFA17257480002AEFE2 /* share.png in Resources */,
				BE18FDFF17258760002AEFE2 /* PreferencesWindowController.xib in Resources */,
			);
			runOnlyForDeploymentPostprocessing = 0;
		};
		BE35395E171F9FA8004DA84F /* Resources */ = {
			isa = PBXResourcesBuildPhase;
			buildActionMask = 2147483647;
			files = (
				BE35396C171F9FA8004DA84F /* InfoPlist.strings in Resources */,
			);
			runOnlyForDeploymentPostprocessing = 0;
		};
/* End PBXResourcesBuildPhase section */

/* Begin PBXShellScriptBuildPhase section */
		BE35395F171F9FA8004DA84F /* ShellScript */ = {
			isa = PBXShellScriptBuildPhase;
			buildActionMask = 2147483647;
			files = (
			);
			inputPaths = (
			);
			outputPaths = (
			);
			runOnlyForDeploymentPostprocessing = 0;
			shellPath = /bin/sh;
			shellScript = "# Run the unit tests in this test bundle.\n\"${SYSTEM_DEVELOPER_DIR}/Tools/RunUnitTests\"\n";
		};
/* End PBXShellScriptBuildPhase section */

/* Begin PBXSourcesBuildPhase section */
		BE35393A171F9FA8004DA84F /* Sources */ = {
			isa = PBXSourcesBuildPhase;
			buildActionMask = 2147483647;
			files = (
				BE35394E171F9FA8004DA84F /* main.m in Sources */,
				BE353955171F9FA8004DA84F /* AppDelegate.m in Sources */,
				BE35395B171F9FA8004DA84F /* NeptunesPride.xcdatamodeld in Sources */,
				BE35397B171FA010004DA84F /* MainWindowController.m in Sources */,
				BE35398217203635004DA84F /* MapView.m in Sources */,
				BE35398C17209B69004DA84F /* MyInfoWindowController.m in Sources */,
				BEE541E31721BACF00F8CC85 /* Player+Helpers.m in Sources */,
				BEE541E61721C39700F8CC85 /* Star+Helpers.m in Sources */,
				BE7C8B8D1722E0A0002DC4CA /* NSManagedObject+Helpers.m in Sources */,
				BE112B8E17239CA6002739BB /* Report+Helpers.m in Sources */,
				BE112B91172421D2002739BB /* ProductionToolbarItem.m in Sources */,
				BE112B9D172430DF002739BB /* Research+Helpers.m in Sources */,
				BE18FDFD1725874B002AEFE2 /* PreferencesWindowController.m in Sources */,
				BE18FE0217259314002AEFE2 /* Research.m in Sources */,
				BE18FE0517259314002AEFE2 /* Game.m in Sources */,
				BE18FE0817259314002AEFE2 /* Fleet.m in Sources */,
				BE18FE0B17259314002AEFE2 /* Player.m in Sources */,
				BE18FE0E17259314002AEFE2 /* Report.m in Sources */,
				BE18FE1117259314002AEFE2 /* Star.m in Sources */,
				BE18FE14172595C3002AEFE2 /* Game+Helpers.m in Sources */,
			);
			runOnlyForDeploymentPostprocessing = 0;
		};
		BE35395C171F9FA8004DA84F /* Sources */ = {
			isa = PBXSourcesBuildPhase;
			buildActionMask = 2147483647;
			files = (
				BE35396F171F9FA8004DA84F /* NeptunesPrideTests.m in Sources */,
			);
			runOnlyForDeploymentPostprocessing = 0;
		};
/* End PBXSourcesBuildPhase section */

/* Begin PBXTargetDependency section */
		BE353966171F9FA8004DA84F /* PBXTargetDependency */ = {
			isa = PBXTargetDependency;
			target = BE35393D171F9FA8004DA84F /* NeptunesPride */;
			targetProxy = BE353965171F9FA8004DA84F /* PBXContainerItemProxy */;
		};
/* End PBXTargetDependency section */

/* Begin PBXVariantGroup section */
		BE35394A171F9FA8004DA84F /* InfoPlist.strings */ = {
			isa = PBXVariantGroup;
			children = (
				BE35394B171F9FA8004DA84F /* en */,
			);
			name = InfoPlist.strings;
			sourceTree = "<group>";
		};
		BE353950171F9FA8004DA84F /* Credits.rtf */ = {
			isa = PBXVariantGroup;
			children = (
				BE353951171F9FA8004DA84F /* en */,
			);
			name = Credits.rtf;
			sourceTree = "<group>";
		};
		BE353956171F9FA8004DA84F /* MainMenu.xib */ = {
			isa = PBXVariantGroup;
			children = (
				BE353957171F9FA8004DA84F /* en */,
			);
			name = MainMenu.xib;
			sourceTree = "<group>";
		};
		BE35396A171F9FA8004DA84F /* InfoPlist.strings */ = {
			isa = PBXVariantGroup;
			children = (
				BE35396B171F9FA8004DA84F /* en */,
			);
			name = InfoPlist.strings;
			sourceTree = "<group>";
		};
/* End PBXVariantGroup section */

/* Begin XCBuildConfiguration section */
		BE353970171F9FA8004DA84F /* Debug */ = {
			isa = XCBuildConfiguration;
			buildSettings = {
				ALWAYS_SEARCH_USER_PATHS = NO;
				ARCHS = "$(ARCHS_STANDARD_64_BIT)";
				CLANG_CXX_LANGUAGE_STANDARD = "gnu++0x";
				CLANG_CXX_LIBRARY = "libc++";
				CLANG_ENABLE_OBJC_ARC = YES;
				CLANG_WARN_CONSTANT_CONVERSION = YES;
				CLANG_WARN_EMPTY_BODY = YES;
				CLANG_WARN_ENUM_CONVERSION = YES;
				CLANG_WARN_INT_CONVERSION = YES;
				CLANG_WARN__DUPLICATE_METHOD_MATCH = YES;
				COPY_PHASE_STRIP = NO;
				GCC_C_LANGUAGE_STANDARD = gnu99;
				GCC_DYNAMIC_NO_PIC = NO;
				GCC_ENABLE_OBJC_EXCEPTIONS = YES;
				GCC_OPTIMIZATION_LEVEL = 0;
				GCC_PREPROCESSOR_DEFINITIONS = (
					"DEBUG=1",
					"$(inherited)",
				);
				GCC_SYMBOLS_PRIVATE_EXTERN = NO;
				GCC_WARN_64_TO_32_BIT_CONVERSION = YES;
				GCC_WARN_ABOUT_RETURN_TYPE = YES;
				GCC_WARN_UNINITIALIZED_AUTOS = YES;
				GCC_WARN_UNUSED_VARIABLE = YES;
				MACOSX_DEPLOYMENT_TARGET = 10.8;
				ONLY_ACTIVE_ARCH = YES;
				SDKROOT = macosx;
			};
			name = Debug;
		};
		BE353971171F9FA8004DA84F /* Release */ = {
			isa = XCBuildConfiguration;
			buildSettings = {
				ALWAYS_SEARCH_USER_PATHS = NO;
				ARCHS = "$(ARCHS_STANDARD_64_BIT)";
				CLANG_CXX_LANGUAGE_STANDARD = "gnu++0x";
				CLANG_CXX_LIBRARY = "libc++";
				CLANG_ENABLE_OBJC_ARC = YES;
				CLANG_WARN_CONSTANT_CONVERSION = YES;
				CLANG_WARN_EMPTY_BODY = YES;
				CLANG_WARN_ENUM_CONVERSION = YES;
				CLANG_WARN_INT_CONVERSION = YES;
				CLANG_WARN__DUPLICATE_METHOD_MATCH = YES;
				COPY_PHASE_STRIP = YES;
				DEBUG_INFORMATION_FORMAT = "dwarf-with-dsym";
				GCC_C_LANGUAGE_STANDARD = gnu99;
				GCC_ENABLE_OBJC_EXCEPTIONS = YES;
				GCC_WARN_64_TO_32_BIT_CONVERSION = YES;
				GCC_WARN_ABOUT_RETURN_TYPE = YES;
				GCC_WARN_UNINITIALIZED_AUTOS = YES;
				GCC_WARN_UNUSED_VARIABLE = YES;
				MACOSX_DEPLOYMENT_TARGET = 10.8;
				SDKROOT = macosx;
			};
			name = Release;
		};
		BE353973171F9FA8004DA84F /* Debug */ = {
			isa = XCBuildConfiguration;
			buildSettings = {
				COMBINE_HIDPI_IMAGES = YES;
				GCC_PRECOMPILE_PREFIX_HEADER = YES;
				GCC_PREFIX_HEADER = "NeptunesPride/NeptunesPride-Prefix.pch";
				INFOPLIST_FILE = "NeptunesPride/NeptunesPride-Info.plist";
				PRODUCT_NAME = "$(TARGET_NAME)";
				WRAPPER_EXTENSION = app;
			};
			name = Debug;
		};
		BE353974171F9FA8004DA84F /* Release */ = {
			isa = XCBuildConfiguration;
			buildSettings = {
				COMBINE_HIDPI_IMAGES = YES;
				GCC_PRECOMPILE_PREFIX_HEADER = YES;
				GCC_PREFIX_HEADER = "NeptunesPride/NeptunesPride-Prefix.pch";
				INFOPLIST_FILE = "NeptunesPride/NeptunesPride-Info.plist";
				PRODUCT_NAME = "$(TARGET_NAME)";
				WRAPPER_EXTENSION = app;
			};
			name = Release;
		};
		BE353976171F9FA8004DA84F /* Debug */ = {
			isa = XCBuildConfiguration;
			buildSettings = {
				BUNDLE_LOADER = "$(BUILT_PRODUCTS_DIR)/NeptunesPride.app/Contents/MacOS/NeptunesPride";
				COMBINE_HIDPI_IMAGES = YES;
				FRAMEWORK_SEARCH_PATHS = "\"$(DEVELOPER_LIBRARY_DIR)/Frameworks\"";
				GCC_PRECOMPILE_PREFIX_HEADER = YES;
				GCC_PREFIX_HEADER = "NeptunesPride/NeptunesPride-Prefix.pch";
				INFOPLIST_FILE = "NeptunesPrideTests/NeptunesPrideTests-Info.plist";
				PRODUCT_NAME = "$(TARGET_NAME)";
				TEST_HOST = "$(BUNDLE_LOADER)";
				WRAPPER_EXTENSION = octest;
			};
			name = Debug;
		};
		BE353977171F9FA8004DA84F /* Release */ = {
			isa = XCBuildConfiguration;
			buildSettings = {
				BUNDLE_LOADER = "$(BUILT_PRODUCTS_DIR)/NeptunesPride.app/Contents/MacOS/NeptunesPride";
				COMBINE_HIDPI_IMAGES = YES;
				FRAMEWORK_SEARCH_PATHS = "\"$(DEVELOPER_LIBRARY_DIR)/Frameworks\"";
				GCC_PRECOMPILE_PREFIX_HEADER = YES;
				GCC_PREFIX_HEADER = "NeptunesPride/NeptunesPride-Prefix.pch";
				INFOPLIST_FILE = "NeptunesPrideTests/NeptunesPrideTests-Info.plist";
				PRODUCT_NAME = "$(TARGET_NAME)";
				TEST_HOST = "$(BUNDLE_LOADER)";
				WRAPPER_EXTENSION = octest;
			};
			name = Release;
		};
/* End XCBuildConfiguration section */

/* Begin XCConfigurationList section */
		BE353939171F9FA7004DA84F /* Build configuration list for PBXProject "NeptunesPride" */ = {
			isa = XCConfigurationList;
			buildConfigurations = (
				BE353970171F9FA8004DA84F /* Debug */,
				BE353971171F9FA8004DA84F /* Release */,
			);
			defaultConfigurationIsVisible = 0;
			defaultConfigurationName = Release;
		};
		BE353972171F9FA8004DA84F /* Build configuration list for PBXNativeTarget "NeptunesPride" */ = {
			isa = XCConfigurationList;
			buildConfigurations = (
				BE353973171F9FA8004DA84F /* Debug */,
				BE353974171F9FA8004DA84F /* Release */,
			);
			defaultConfigurationIsVisible = 0;
			defaultConfigurationName = Release;
		};
		BE353975171F9FA8004DA84F /* Build configuration list for PBXNativeTarget "NeptunesPrideTests" */ = {
			isa = XCConfigurationList;
			buildConfigurations = (
				BE353976171F9FA8004DA84F /* Debug */,
				BE353977171F9FA8004DA84F /* Release */,
			);
			defaultConfigurationIsVisible = 0;
			defaultConfigurationName = Release;
		};
/* End XCConfigurationList section */

/* Begin XCVersionGroup section */
		BE353959171F9FA8004DA84F /* NeptunesPride.xcdatamodeld */ = {
			isa = XCVersionGroup;
			children = (
				BEF369F4172489EA0046DE5C /* NeptunesPride2.xcdatamodel */,
				BE35395A171F9FA8004DA84F /* NeptunesPride.xcdatamodel */,
			);
			currentVersion = BEF369F4172489EA0046DE5C /* NeptunesPride2.xcdatamodel */;
			path = NeptunesPride.xcdatamodeld;
			sourceTree = "<group>";
			versionGroupType = wrapper.xcdatamodel;
		};
/* End XCVersionGroup section */
	};
	rootObject = BE353936171F9FA7004DA84F /* Project object */;
}
